{
  "name": "text-to-speech-api",
  "version": "1.0.1",
  "description": "A simple NPM package to convert text to voice using native JavaScript API.",
  "main": "index.js",
  "scripts": {
    "test": "echo \"No tests specified\" && exit 0"
  },
  "keywords": [
    "text",
    "voice",
    "text-to-speech",
    "speech",
    "text-to-voice-converter"
  ],
  "author": "Masum Billah",
  "license": "MIT"
}

